
Microsoft Visual Studio Solution File, Format Version 12.00
# Visual Studio Version 17
VisualStudioVersion = 17.12.35527.113 d17.12
MinimumVisualStudioVersion = 10.0.40219.1
Project("{FAE04EC0-301F-11D3-BF4B-00C04F79EFBC}") = "MyFirstConsoleApp", "MyFirstConsoleApp\MyFirstConsoleApp.csproj", "{07457D4D-F76C-4C8C-AAC7-896ABA80D3EF}"
EndProject
Global
	GlobalSection(SolutionConfigurationPlatforms) = preSolution
		Debug|Any CPU = Debug|Any CPU
		Release|Any CPU = Release|Any CPU
	EndGlobalSection
	GlobalSection(ProjectConfigurationPlatforms) = postSolution
		{07457D4D-F76C-4C8C-AAC7-896ABA80D3EF}.Debug|Any CPU.ActiveCfg = Debug|Any CPU
		{07457D4D-F76C-4C8C-AAC7-896ABA80D3EF}.Debug|Any CPU.Build.0 = Debug|Any CPU
		{07457D4D-F76C-4C8C-AAC7-896ABA80D3EF}.Release|Any CPU.ActiveCfg = Release|Any CPU
		{07457D4D-F76C-4C8C-AAC7-896ABA80D3EF}.Release|Any CPU.Build.0 = Release|Any CPU
	EndGlobalSection
	GlobalSection(SolutionProperties) = preSolution
		HideSolutionNode = FALSE
	EndGlobalSection
EndGlobal
